
Microsoft Visual Studio Solution File, Format Version 12.00
# Visual Studio Version 16
VisualStudioVersion = 16.0.31727.386
MinimumVisualStudioVersion = 10.0.40219.1
Project("{9A19103F-16F7-4668-BE54-9A1E7A4F7556}") = "web_lab1", "web_lab1\web_lab1.csproj", "{FF512667-BA5E-4C29-A0E1-5158A27082AB}"
EndProject
Global
	GlobalSection(SolutionConfigurationPlatforms) = preSolution
		Debug|Any CPU = Debug|Any CPU
		Release|Any CPU = Release|Any CPU
	EndGlobalSection
	GlobalSection(ProjectConfigurationPlatforms) = postSolution
		{FF512667-BA5E-4C29-A0E1-5158A27082AB}.Debug|Any CPU.ActiveCfg = Debug|Any CPU
		{FF512667-BA5E-4C29-A0E1-5158A27082AB}.Debug|Any CPU.Build.0 = Debug|Any CPU
		{FF512667-BA5E-4C29-A0E1-5158A27082AB}.Release|Any CPU.ActiveCfg = Release|Any CPU
		{FF512667-BA5E-4C29-A0E1-5158A27082AB}.Release|Any CPU.Build.0 = Release|Any CPU
	EndGlobalSection
	GlobalSection(SolutionProperties) = preSolution
		HideSolutionNode = FALSE
	EndGlobalSection
	GlobalSection(ExtensibilityGlobals) = postSolution
		SolutionGuid = {0A8BAD23-F864-4248-AEC7-4C9C5319F4A4}
	EndGlobalSection
EndGlobal
